// !$*UTF8*$!
{
	archiveVersion = 1;
	classes = {
	};
	objectVersion = 77;
	objects = {

/* Begin PBXContainerItemProxy section */
		647A2CF92D44CA48002FAA54 /* PBXContainerItemProxy */ = {
			isa = PBXContainerItemProxy;
			containerPortal = 647A2CDA2D44CA47002FAA54 /* Project object */;
			proxyType = 1;
			remoteGlobalIDString = 647A2CE12D44CA47002FAA54;
			remoteInfo = bottleDiary;
		};
		647A2D032D44CA48002FAA54 /* PBXContainerItemProxy */ = {
			isa = PBXContainerItemProxy;
			containerPortal = 647A2CDA2D44CA47002FAA54 /* Project object */;
			proxyType = 1;
			remoteGlobalIDString = 647A2CE12D44CA47002FAA54;
			remoteInfo = bottleDiary;
		};
/* End PBXContainerItemProxy section */

/* Begin PBXFileReference section */
		647A2CE22D44CA47002FAA54 /* bottleDiary.app */ = {isa = PBXFileReference; explicitFileType = wrapper.application; includeInIndex = 0; path = bottleDiary.app; sourceTree = BUILT_PRODUCTS_DIR; };
		647A2CF82D44CA48002FAA54 /* bottleDiaryTests.xctest */ = {isa = PBXFileReference; explicitFileType = wrapper.cfbundle; includeInIndex = 0; path = bottleDiaryTests.xctest; sourceTree = BUILT_PRODUCTS_DIR; };
		647A2D022D44CA48002FAA54 /* bottleDiaryUITests.xctest */ = {isa = PBXFileReference; explicitFileType = wrapper.cfbundle; includeInIndex = 0; path = bottleDiaryUITests.xctest; sourceTree = BUILT_PRODUCTS_DIR; };
/* End PBXFileReference section */

/* Begin PBXFileSystemSynchronizedBuildFileExceptionSet section */
		647A2D0A2D44CA48002FAA54 /* Exceptions for "bottleDiary" folder in "bottleDiary" target */ = {
			isa = PBXFileSystemSynchronizedBuildFileExceptionSet;
			membershipExceptions = (
				Info.plist,
			);
			target = 647A2CE12D44CA47002FAA54 /* bottleDiary */;
		};
/* End PBXFileSystemSynchronizedBuildFileExceptionSet section */

/* Begin PBXFileSystemSynchronizedRootGroup section */
		647A2CE42D44CA47002FAA54 /* bottleDiary */ = {
			isa = PBXFileSystemSynchronizedRootGroup;
			exceptions = (
				647A2D0A2D44CA48002FAA54 /* Exceptions for "bottleDiary" folder in "bottleDiary" target */,
			);
			path = bottleDiary;
			sourceTree = "<group>";
		};
		647A2CFB2D44CA48002FAA54 /* bottleDiaryTests */ = {
			isa = PBXFileSystemSynchronizedRootGroup;
			path = bottleDiaryTests;
			sourceTree = "<group>";
		};
		647A2D052D44CA48002FAA54 /* bottleDiaryUITests */ = {
			isa = PBXFileSystemSynchronizedRootGroup;
			path = bottleDiaryUITests;
			sourceTree = "<group>";
		};
/* End PBXFileSystemSynchronizedRootGroup section */

/* Begin PBXFrameworksBuildPhase section */
		647A2CDF2D44CA47002FAA54 /* Frameworks */ = {
			isa = PBXFrameworksBuildPhase;
			buildActionMask = 2147483647;
			files = (
			);
			runOnlyForDeploymentPostprocessing = 0;
		};
		647A2CF52D44CA48002FAA54 /* Frameworks */ = {
			isa = PBXFrameworksBuildPhase;
			buildActionMask = 2147483647;
			files = (
			);
			runOnlyForDeploymentPostprocessing = 0;
		};
		647A2CFF2D44CA48002FAA54 /* Frameworks */ = {
			isa = PBXFrameworksBuildPhase;
			buildActionMask = 2147483647;
			files = (
			);
			runOnlyForDeploymentPostprocessing = 0;
		};
/* End PBXFrameworksBuildPhase section */

/* Begin PBXGroup section */
		647A2CD92D44CA47002FAA54 = {
			isa = PBXGroup;
			children = (
				647A2CE42D44CA47002FAA54 /* bottleDiary */,
				647A2CFB2D44CA48002FAA54 /* bottleDiaryTests */,
				647A2D052D44CA48002FAA54 /* bottleDiaryUITests */,
				647A2CE32D44CA47002FAA54 /* Products */,
			);
			sourceTree = "<group>";
		};
		647A2CE32D44CA47002FAA54 /* Products */ = {
			isa = PBXGroup;
			children = (
				647A2CE22D44CA47002FAA54 /* bottleDiary.app */,
				647A2CF82D44CA48002FAA54 /* bottleDiaryTests.xctest */,
				647A2D022D44CA48002FAA54 /* bottleDiaryUITests.xctest */,
			);
			name = Products;
			sourceTree = "<group>";
		};
/* End PBXGroup section */

/* Begin PBXNativeTarget section */
		647A2CE12D44CA47002FAA54 /* bottleDiary */ = {
			isa = PBXNativeTarget;
			buildConfigurationList = 647A2D0B2D44CA48002FAA54 /* Build configuration list for PBXNativeTarget "bottleDiary" */;
			buildPhases = (
				647A2CDE2D44CA47002FAA54 /* Sources */,
				647A2CDF2D44CA47002FAA54 /* Frameworks */,
				647A2CE02D44CA47002FAA54 /* Resources */,
			);
			buildRules = (
			);
			dependencies = (
			);
			fileSystemSynchronizedGroups = (
				647A2CE42D44CA47002FAA54 /* bottleDiary */,
			);
			name = bottleDiary;
			packageProductDependencies = (
			);
			productName = bottleDiary;
			productReference = 647A2CE22D44CA47002FAA54 /* bottleDiary.app */;
			productType = "com.apple.product-type.application";
		};
		647A2CF72D44CA48002FAA54 /* bottleDiaryTests */ = {
			isa = PBXNativeTarget;
			buildConfigurationList = 647A2D102D44CA48002FAA54 /* Build configuration list for PBXNativeTarget "bottleDiaryTests" */;
			buildPhases = (
				647A2CF42D44CA48002FAA54 /* Sources */,
				647A2CF52D44CA48002FAA54 /* Frameworks */,
				647A2CF62D44CA48002FAA54 /* Resources */,
			);
			buildRules = (
			);
			dependencies = (
				647A2CFA2D44CA48002FAA54 /* PBXTargetDependency */,
			);
			fileSystemSynchronizedGroups = (
				647A2CFB2D44CA48002FAA54 /* bottleDiaryTests */,
			);
			name = bottleDiaryTests;
			packageProductDependencies = (
			);
			productName = bottleDiaryTests;
			productReference = 647A2CF82D44CA48002FAA54 /* bottleDiaryTests.xctest */;
			productType = "com.apple.product-type.bundle.unit-test";
		};
		647A2D012D44CA48002FAA54 /* bottleDiaryUITests */ = {
			isa = PBXNativeTarget;
			buildConfigurationList = 647A2D132D44CA48002FAA54 /* Build configuration list for PBXNativeTarget "bottleDiaryUITests" */;
			buildPhases = (
				647A2CFE2D44CA48002FAA54 /* Sources */,
				647A2CFF2D44CA48002FAA54 /* Frameworks */,
				647A2D002D44CA48002FAA54 /* Resources */,
			);
			buildRules = (
			);
			dependencies = (
				647A2D042D44CA48002FAA54 /* PBXTargetDependency */,
			);
			fileSystemSynchronizedGroups = (
				647A2D052D44CA48002FAA54 /* bottleDiaryUITests */,
			);
			name = bottleDiaryUITests;
			packageProductDependencies = (
			);
			productName = bottleDiaryUITests;
			productReference = 647A2D022D44CA48002FAA54 /* bottleDiaryUITests.xctest */;
			productType = "com.apple.product-type.bundle.ui-testing";
		};
/* End PBXNativeTarget section */

/* Begin PBXProject section */
		647A2CDA2D44CA47002FAA54 /* Project object */ = {
			isa = PBXProject;
			attributes = {
				BuildIndependentTargetsInParallel = 1;
				LastSwiftUpdateCheck = 1620;
				LastUpgradeCheck = 1620;
				TargetAttributes = {
					647A2CE12D44CA47002FAA54 = {
						CreatedOnToolsVersion = 16.2;
					};
					647A2CF72D44CA48002FAA54 = {
						CreatedOnToolsVersion = 16.2;
						TestTargetID = 647A2CE12D44CA47002FAA54;
					};
					647A2D012D44CA48002FAA54 = {
						CreatedOnToolsVersion = 16.2;
						TestTargetID = 647A2CE12D44CA47002FAA54;
					};
				};
			};
			buildConfigurationList = 647A2CDD2D44CA47002FAA54 /* Build configuration list for PBXProject "bottleDiary" */;
			developmentRegion = en;
			hasScannedForEncodings = 0;
			knownRegions = (
				en,
				Base,
			);
			mainGroup = 647A2CD92D44CA47002FAA54;
			minimizedProjectReferenceProxies = 1;
			preferredProjectObjectVersion = 77;
			productRefGroup = 647A2CE32D44CA47002FAA54 /* Products */;
			projectDirPath = "";
			projectRoot = "";
			targets = (
				647A2CE12D44CA47002FAA54 /* bottleDiary */,
				647A2CF72D44CA48002FAA54 /* bottleDiaryTests */,
				647A2D012D44CA48002FAA54 /* bottleDiaryUITests */,
			);
		};
/* End PBXProject section */

/* Begin PBXResourcesBuildPhase section */
		647A2CE02D44CA47002FAA54 /* Resources */ = {
			isa = PBXResourcesBuildPhase;
			buildActionMask = 2147483647;
			files = (
			);
			runOnlyForDeploymentPostprocessing = 0;
		};
		647A2CF62D44CA48002FAA54 /* Resources */ = {
			isa = PBXResourcesBuildPhase;
			buildActionMask = 2147483647;
			files = (
			);
			runOnlyForDeploymentPostprocessing = 0;
		};
		647A2D002D44CA48002FAA54 /* Resources */ = {
			isa = PBXResourcesBuildPhase;
			buildActionMask = 2147483647;
			files = (
			);
			runOnlyForDeploymentPostprocessing = 0;
		};
/* End PBXResourcesBuildPhase section */

/* Begin PBXSourcesBuildPhase section */
		647A2CDE2D44CA47002FAA54 /* Sources */ = {
			isa = PBXSourcesBuildPhase;
			buildActionMask = 2147483647;
			files = (
			);
			runOnlyForDeploymentPostprocessing = 0;
		};
		647A2CF42D44CA48002FAA54 /* Sources */ = {
			isa = PBXSourcesBuildPhase;
			buildActionMask = 2147483647;
			files = (
			);
			runOnlyForDeploymentPostprocessing = 0;
		};
		647A2CFE2D44CA48002FAA54 /* Sources */ = {
			isa = PBXSourcesBuildPhase;
			buildActionMask = 2147483647;
			files = (
			);
			runOnlyForDeploymentPostprocessing = 0;
		};
/* End PBXSourcesBuildPhase section */

/* Begin PBXTargetDependency section */
		647A2CFA2D44CA48002FAA54 /* PBXTargetDependency */ = {
			isa = PBXTargetDependency;
			target = 647A2CE12D44CA47002FAA54 /* bottleDiary */;
			targetProxy = 647A2CF92D44CA48002FAA54 /* PBXContainerItemProxy */;
		};
		647A2D042D44CA48002FAA54 /* PBXTargetDependency */ = {
			isa = PBXTargetDependency;
			target = 647A2CE12D44CA47002FAA54 /* bottleDiary */;
			targetProxy = 647A2D032D44CA48002FAA54 /* PBXContainerItemProxy */;
		};
/* End PBXTargetDependency section */

/* Begin XCBuildConfiguration section */
		647A2D0C2D44CA48002FAA54 /* Debug */ = {
			isa = XCBuildConfiguration;
			buildSettings = {
				ASSETCATALOG_COMPILER_APPICON_NAME = AppIcon;
				ASSETCATALOG_COMPILER_GLOBAL_ACCENT_COLOR_NAME = AccentColor;
				CODE_SIGN_STYLE = Automatic;
				CURRENT_PROJECT_VERSION = 1;
				GENERATE_INFOPLIST_FILE = YES;
				INFOPLIST_FILE = bottleDiary/Info.plist;
				INFOPLIST_KEY_UIApplicationSupportsIndirectInputEvents = YES;
				INFOPLIST_KEY_UISupportedInterfaceOrientations_iPad = UIInterfaceOrientationPortrait;
				INFOPLIST_KEY_UISupportedInterfaceOrientations_iPhone = UIInterfaceOrientationPortrait;
				IPHONEOS_DEPLOYMENT_TARGET = 17.6;
				LD_RUNPATH_SEARCH_PATHS = (
					"$(inherited)",
					"@executable_path/Frameworks",
				);
				MARKETING_VERSION = 1.0;
				PRODUCT_BUNDLE_IDENTIFIER = hong.bottleDiary;
				PRODUCT_NAME = "$(TARGET_NAME)";
				SWIFT_EMIT_LOC_STRINGS = YES;
				SWIFT_VERSION = 5.0;
				TARGETED_DEVICE_FAMILY = 1;
			};
			name = Debug;
		};
		647A2D0D2D44CA48002FAA54 /* Release */ = {
			isa = XCBuildConfiguration;
			buildSettings = {
				ASSETCATALOG_COMPILER_APPICON_NAME = AppIcon;
				ASSETCATALOG_COMPILER_GLOBAL_ACCENT_COLOR_NAME = AccentColor;
				CODE_SIGN_STYLE = Automatic;
				CURRENT_PROJECT_VERSION = 1;
				GENERATE_INFOPLIST_FILE = YES;
				INFOPLIST_FILE = bottleDiary/Info.plist;
				INFOPLIST_KEY_UIApplicationSupportsIndirectInputEvents = YES;
				INFOPLIST_KEY_UISupportedInterfaceOrientations_iPad = UIInterfaceOrientationPortrait;
				INFOPLIST_KEY_UISupportedInterfaceOrientations_iPhone = UIInterfaceOrientationPortrait;
				IPHONEOS_DEPLOYMENT_TARGET = 17.6;
				LD_RUNPATH_SEARCH_PATHS = (
					"$(inherited)",
					"@executable_path/Frameworks",
				);
				MARKETING_VERSION = 1.0;
				PRODUCT_BUNDLE_IDENTIFIER = hong.bottleDiary;
				PRODUCT_NAME = "$(TARGET_NAME)";
				SWIFT_EMIT_LOC_STRINGS = YES;
				SWIFT_VERSION = 5.0;
				TARGETED_DEVICE_FAMILY = 1;
			};
			name = Release;
		};
		647A2D0E2D44CA48002FAA54 /* Debug */ = {
			isa = XCBuildConfiguration;
			buildSettings = {
				ALWAYS_SEARCH_USER_PATHS = NO;
				ASSETCATALOG_COMPILER_GENERATE_SWIFT_ASSET_SYMBOL_EXTENSIONS = YES;
				CLANG_ANALYZER_NONNULL = YES;
				CLANG_ANALYZER_NUMBER_OBJECT_CONVERSION = YES_AGGRESSIVE;
				CLANG_CXX_LANGUAGE_STANDARD = "gnu++20";
				CLANG_ENABLE_MODULES = YES;
				CLANG_ENABLE_OBJC_ARC = YES;
				CLANG_ENABLE_OBJC_WEAK = YES;
				CLANG_WARN_BLOCK_CAPTURE_AUTORELEASING = YES;
				CLANG_WARN_BOOL_CONVERSION = YES;
				CLANG_WARN_COMMA = YES;
				CLANG_WARN_CONSTANT_CONVERSION = YES;
				CLANG_WARN_DEPRECATED_OBJC_IMPLEMENTATIONS = YES;
				CLANG_WARN_DIRECT_OBJC_ISA_USAGE = YES_ERROR;
				CLANG_WARN_DOCUMENTATION_COMMENTS = YES;
				CLANG_WARN_EMPTY_BODY = YES;
				CLANG_WARN_ENUM_CONVERSION = YES;
				CLANG_WARN_INFINITE_RECURSION = YES;
				CLANG_WARN_INT_CONVERSION = YES;
				CLANG_WARN_NON_LITERAL_NULL_CONVERSION = YES;
				CLANG_WARN_OBJC_IMPLICIT_RETAIN_SELF = YES;
				CLANG_WARN_OBJC_LITERAL_CONVERSION = YES;
				CLANG_WARN_OBJC_ROOT_CLASS = YES_ERROR;
				CLANG_WARN_QUOTED_INCLUDE_IN_FRAMEWORK_HEADER = YES;
				CLANG_WARN_RANGE_LOOP_ANALYSIS = YES;
				CLANG_WARN_STRICT_PROTOTYPES = YES;
				CLANG_WARN_SUSPICIOUS_MOVE = YES;
				CLANG_WARN_UNGUARDED_AVAILABILITY = YES_AGGRESSIVE;
				CLANG_WARN_UNREACHABLE_CODE = YES;
				CLANG_WARN__DUPLICATE_METHOD_MATCH = YES;
				COPY_PHASE_STRIP = NO;
				DEBUG_INFORMATION_FORMAT = dwarf;
				ENABLE_STRICT_OBJC_MSGSEND = YES;
				ENABLE_TESTABILITY = YES;
				ENABLE_USER_SCRIPT_SANDBOXING = YES;
				GCC_C_LANGUAGE_STANDARD = gnu17;
				GCC_DYNAMIC_NO_PIC = NO;
				GCC_NO_COMMON_BLOCKS = YES;
				GCC_OPTIMIZATION_LEVEL = 0;
				GCC_PREPROCESSOR_DEFINITIONS = (
					"DEBUG=1",
					"$(inherited)",
				);
				GCC_WARN_64_TO_32_BIT_CONVERSION = YES;
				GCC_WARN_ABOUT_RETURN_TYPE = YES_ERROR;
				GCC_WARN_UNDECLARED_SELECTOR = YES;
				GCC_WARN_UNINITIALIZED_AUTOS = YES_AGGRESSIVE;
				GCC_WARN_UNUSED_FUNCTION = YES;
				GCC_WARN_UNUSED_VARIABLE = YES;
				IPHONEOS_DEPLOYMENT_TARGET = 18.2;
				LOCALIZATION_PREFERS_STRING_CATALOGS = YES;
				MTL_ENABLE_DEBUG_INFO = INCLUDE_SOURCE;
				MTL_FAST_MATH = YES;
				ONLY_ACTIVE_ARCH = YES;
				SDKROOT = iphoneos;
				SWIFT_ACTIVE_COMPILATION_CONDITIONS = "DEBUG $(inherited)";
				SWIFT_OPTIMIZATION_LEVEL = "-Onone";
			};
			name = Debug;
		};
		647A2D0F2D44CA48002FAA54 /* Release */ = {
			isa = XCBuildConfiguration;
			buildSettings = {
				ALWAYS_SEARCH_USER_PATHS = NO;
				ASSETCATALOG_COMPILER_GENERATE_SWIFT_ASSET_SYMBOL_EXTENSIONS = YES;
				CLANG_ANALYZER_NONNULL = YES;
				CLANG_ANALYZER_NUMBER_OBJECT_CONVERSION = YES_AGGRESSIVE;
				CLANG_CXX_LANGUAGE_STANDARD = "gnu++20";
				CLANG_ENABLE_MODULES = YES;
				CLANG_ENABLE_OBJC_ARC = YES;
				CLANG_ENABLE_OBJC_WEAK = YES;
				CLANG_WARN_BLOCK_CAPTURE_AUTORELEASING = YES;
				CLANG_WARN_BOOL_CONVERSION = YES;
				CLANG_WARN_COMMA = YES;
				CLANG_WARN_CONSTANT_CONVERSION = YES;
				CLANG_WARN_DEPRECATED_OBJC_IMPLEMENTATIONS = YES;
				CLANG_WARN_DIRECT_OBJC_ISA_USAGE = YES_ERROR;
				CLANG_WARN_DOCUMENTATION_COMMENTS = YES;
				CLANG_WARN_EMPTY_BODY = YES;
				CLANG_WARN_ENUM_CONVERSION = YES;
				CLANG_WARN_INFINITE_RECURSION = YES;
				CLANG_WARN_INT_CONVERSION = YES;
				CLANG_WARN_NON_LITERAL_NULL_CONVERSION = YES;
				CLANG_WARN_OBJC_IMPLICIT_RETAIN_SELF = YES;
				CLANG_WARN_OBJC_LITERAL_CONVERSION = YES;
				CLANG_WARN_OBJC_ROOT_CLASS = YES_ERROR;
				CLANG_WARN_QUOTED_INCLUDE_IN_FRAMEWORK_HEADER = YES;
				CLANG_WARN_RANGE_LOOP_ANALYSIS = YES;
				CLANG_WARN_STRICT_PROTOTYPES = YES;
				CLANG_WARN_SUSPICIOUS_MOVE = YES;
				CLANG_WARN_UNGUARDED_AVAILABILITY = YES_AGGRESSIVE;
				CLANG_WARN_UNREACHABLE_CODE = YES;
				CLANG_WARN__DUPLICATE_METHOD_MATCH = YES;
				COPY_PHASE_STRIP = NO;
				DEBUG_INFORMATION_FORMAT = "dwarf-with-dsym";
				ENABLE_NS_ASSERTIONS = NO;
				ENABLE_STRICT_OBJC_MSGSEND = YES;
				ENABLE_USER_SCRIPT_SANDBOXING = YES;
				GCC_C_LANGUAGE_STANDARD = gnu17;
				GCC_NO_COMMON_BLOCKS = YES;
				GCC_WARN_64_TO_32_BIT_CONVERSION = YES;
				GCC_WARN_ABOUT_RETURN_TYPE = YES_ERROR;
				GCC_WARN_UNDECLARED_SELECTOR = YES;
				GCC_WARN_UNINITIALIZED_AUTOS = YES_AGGRESSIVE;
				GCC_WARN_UNUSED_FUNCTION = YES;
				GCC_WARN_UNUSED_VARIABLE = YES;
				IPHONEOS_DEPLOYMENT_TARGET = 18.2;
				LOCALIZATION_PREFERS_STRING_CATALOGS = YES;
				MTL_ENABLE_DEBUG_INFO = NO;
				MTL_FAST_MATH = YES;
				SDKROOT = iphoneos;
				SWIFT_COMPILATION_MODE = wholemodule;
				VALIDATE_PRODUCT = YES;
			};
			name = Release;
		};
		647A2D112D44CA48002FAA54 /* Debug */ = {
			isa = XCBuildConfiguration;
			buildSettings = {
				BUNDLE_LOADER = "$(TEST_HOST)";
				CODE_SIGN_STYLE = Automatic;
				CURRENT_PROJECT_VERSION = 1;
				GENERATE_INFOPLIST_FILE = YES;
				IPHONEOS_DEPLOYMENT_TARGET = 18.2;
				MARKETING_VERSION = 1.0;
				PRODUCT_BUNDLE_IDENTIFIER = hong.bottleDiaryTests;
				PRODUCT_NAME = "$(TARGET_NAME)";
				SWIFT_EMIT_LOC_STRINGS = NO;
				SWIFT_VERSION = 5.0;
				TARGETED_DEVICE_FAMILY = 1;
				TEST_HOST = "$(BUILT_PRODUCTS_DIR)/bottleDiary.app/$(BUNDLE_EXECUTABLE_FOLDER_PATH)/bottleDiary";
			};
			name = Debug;
		};
		647A2D122D44CA48002FAA54 /* Release */ = {
			isa = XCBuildConfiguration;
			buildSettings = {
				BUNDLE_LOADER = "$(TEST_HOST)";
				CODE_SIGN_STYLE = Automatic;
				CURRENT_PROJECT_VERSION = 1;
				GENERATE_INFOPLIST_FILE = YES;
				IPHONEOS_DEPLOYMENT_TARGET = 18.2;
				MARKETING_VERSION = 1.0;
				PRODUCT_BUNDLE_IDENTIFIER = hong.bottleDiaryTests;
				PRODUCT_NAME = "$(TARGET_NAME)";
				SWIFT_EMIT_LOC_STRINGS = NO;
				SWIFT_VERSION = 5.0;
				TARGETED_DEVICE_FAMILY = 1;
				TEST_HOST = "$(BUILT_PRODUCTS_DIR)/bottleDiary.app/$(BUNDLE_EXECUTABLE_FOLDER_PATH)/bottleDiary";
			};
			name = Release;
		};
		647A2D142D44CA48002FAA54 /* Debug */ = {
			isa = XCBuildConfiguration;
			buildSettings = {
				CODE_SIGN_STYLE = Automatic;
				CURRENT_PROJECT_VERSION = 1;
				GENERATE_INFOPLIST_FILE = YES;
				MARKETING_VERSION = 1.0;
				PRODUCT_BUNDLE_IDENTIFIER = hong.bottleDiaryUITests;
				PRODUCT_NAME = "$(TARGET_NAME)";
				SWIFT_EMIT_LOC_STRINGS = NO;
				SWIFT_VERSION = 5.0;
				TARGETED_DEVICE_FAMILY = 1;
				TEST_TARGET_NAME = bottleDiary;
			};
			name = Debug;
		};
		647A2D152D44CA48002FAA54 /* Release */ = {
			isa = XCBuildConfiguration;
			buildSettings = {
				CODE_SIGN_STYLE = Automatic;
				CURRENT_PROJECT_VERSION = 1;
				GENERATE_INFOPLIST_FILE = YES;
				MARKETING_VERSION = 1.0;
				PRODUCT_BUNDLE_IDENTIFIER = hong.bottleDiaryUITests;
				PRODUCT_NAME = "$(TARGET_NAME)";
				SWIFT_EMIT_LOC_STRINGS = NO;
				SWIFT_VERSION = 5.0;
				TARGETED_DEVICE_FAMILY = 1;
				TEST_TARGET_NAME = bottleDiary;
			};
			name = Release;
		};
/* End XCBuildConfiguration section */

/* Begin XCConfigurationList section */
		647A2CDD2D44CA47002FAA54 /* Build configuration list for PBXProject "bottleDiary" */ = {
			isa = XCConfigurationList;
			buildConfigurations = (
				647A2D0E2D44CA48002FAA54 /* Debug */,
				647A2D0F2D44CA48002FAA54 /* Release */,
			);
			defaultConfigurationIsVisible = 0;
			defaultConfigurationName = Release;
		};
		647A2D0B2D44CA48002FAA54 /* Build configuration list for PBXNativeTarget "bottleDiary" */ = {
			isa = XCConfigurationList;
			buildConfigurations = (
				647A2D0C2D44CA48002FAA54 /* Debug */,
				647A2D0D2D44CA48002FAA54 /* Release */,
			);
			defaultConfigurationIsVisible = 0;
			defaultConfigurationName = Release;
		};
		647A2D102D44CA48002FAA54 /* Build configuration list for PBXNativeTarget "bottleDiaryTests" */ = {
			isa = XCConfigurationList;
			buildConfigurations = (
				647A2D112D44CA48002FAA54 /* Debug */,
				647A2D122D44CA48002FAA54 /* Release */,
			);
			defaultConfigurationIsVisible = 0;
			defaultConfigurationName = Release;
		};
		647A2D132D44CA48002FAA54 /* Build configuration list for PBXNativeTarget "bottleDiaryUITests" */ = {
			isa = XCConfigurationList;
			buildConfigurations = (
				647A2D142D44CA48002FAA54 /* Debug */,
				647A2D152D44CA48002FAA54 /* Release */,
			);
			defaultConfigurationIsVisible = 0;
			defaultConfigurationName = Release;
		};
/* End XCConfigurationList section */
	};
	rootObject = 647A2CDA2D44CA47002FAA54 /* Project object */;
}
